// !$*UTF8*$!
{
	archiveVersion = 1;
	classes = {
	};
	objectVersion = 48;
	objects = {

/* Begin PBXBuildFile section */
		ECF416F7215B9E4600FA2FF7 /* AppDelegate.swift in Sources */ = {isa = PBXBuildFile; fileRef = ECF416F6215B9E4600FA2FF7 /* AppDelegate.swift */; };
		ECF416FC215B9E4600FA2FF7 /* Main.storyboard in Resources */ = {isa = PBXBuildFile; fileRef = ECF416FA215B9E4600FA2FF7 /* Main.storyboard */; };
		ECF416FE215B9E4600FA2FF7 /* Assets.xcassets in Resources */ = {isa = PBXBuildFile; fileRef = ECF416FD215B9E4600FA2FF7 /* Assets.xcassets */; };
		ECF41701215B9E4600FA2FF7 /* LaunchScreen.storyboard in Resources */ = {isa = PBXBuildFile; fileRef = ECF416FF215B9E4600FA2FF7 /* LaunchScreen.storyboard */; };
		ECF4170C215B9E4600FA2FF7 /* ManabTests.swift in Sources */ = {isa = PBXBuildFile; fileRef = ECF4170B215B9E4600FA2FF7 /* ManabTests.swift */; };
		ECF41717215B9E4600FA2FF7 /* ManabUITests.swift in Sources */ = {isa = PBXBuildFile; fileRef = ECF41716215B9E4600FA2FF7 /* ManabUITests.swift */; };
		ECF41725215C2E3C00FA2FF7 /* HomeVC.swift in Sources */ = {isa = PBXBuildFile; fileRef = ECF41724215C2E3C00FA2FF7 /* HomeVC.swift */; };
		ECF41727215C2E4B00FA2FF7 /* UserVC.swift in Sources */ = {isa = PBXBuildFile; fileRef = ECF41726215C2E4B00FA2FF7 /* UserVC.swift */; };
		ECF41729215C2E5800FA2FF7 /* SearchVC.swift in Sources */ = {isa = PBXBuildFile; fileRef = ECF41728215C2E5800FA2FF7 /* SearchVC.swift */; };
		ECF4172B215C2E6800FA2FF7 /* FavorVC.swift in Sources */ = {isa = PBXBuildFile; fileRef = ECF4172A215C2E6800FA2FF7 /* FavorVC.swift */; };
		ECF4176A215E302D00FA2FF7 /* iOSDropDown.swift in Sources */ = {isa = PBXBuildFile; fileRef = ECF41769215E302D00FA2FF7 /* iOSDropDown.swift */; };
		ECF4176C215E42C700FA2FF7 /* Data.swift in Sources */ = {isa = PBXBuildFile; fileRef = ECF4176B215E42C700FA2FF7 /* Data.swift */; };
/* End PBXBuildFile section */

/* Begin PBXContainerItemProxy section */
		ECF41708215B9E4600FA2FF7 /* PBXContainerItemProxy */ = {
			isa = PBXContainerItemProxy;
			containerPortal = ECF416EB215B9E4600FA2FF7 /* Project object */;
			proxyType = 1;
			remoteGlobalIDString = ECF416F2215B9E4600FA2FF7;
			remoteInfo = Manab;
		};
		ECF41713215B9E4600FA2FF7 /* PBXContainerItemProxy */ = {
			isa = PBXContainerItemProxy;
			containerPortal = ECF416EB215B9E4600FA2FF7 /* Project object */;
			proxyType = 1;
			remoteGlobalIDString = ECF416F2215B9E4600FA2FF7;
			remoteInfo = Manab;
		};
/* End PBXContainerItemProxy section */

/* Begin PBXFileReference section */
		ECF416F3215B9E4600FA2FF7 /* Manab.app */ = {isa = PBXFileReference; explicitFileType = wrapper.application; includeInIndex = 0; path = Manab.app; sourceTree = BUILT_PRODUCTS_DIR; };
		ECF416F6215B9E4600FA2FF7 /* AppDelegate.swift */ = {isa = PBXFileReference; lastKnownFileType = sourcecode.swift; path = AppDelegate.swift; sourceTree = "<group>"; };
		ECF416FB215B9E4600FA2FF7 /* Base */ = {isa = PBXFileReference; lastKnownFileType = file.storyboard; name = Base; path = Base.lproj/Main.storyboard; sourceTree = "<group>"; };
		ECF416FD215B9E4600FA2FF7 /* Assets.xcassets */ = {isa = PBXFileReference; lastKnownFileType = folder.assetcatalog; path = Assets.xcassets; sourceTree = "<group>"; };
		ECF41700215B9E4600FA2FF7 /* Base */ = {isa = PBXFileReference; lastKnownFileType = file.storyboard; name = Base; path = Base.lproj/LaunchScreen.storyboard; sourceTree = "<group>"; };
		ECF41702215B9E4600FA2FF7 /* Info.plist */ = {isa = PBXFileReference; lastKnownFileType = text.plist.xml; path = Info.plist; sourceTree = "<group>"; };
		ECF41707215B9E4600FA2FF7 /* ManabTests.xctest */ = {isa = PBXFileReference; explicitFileType = wrapper.cfbundle; includeInIndex = 0; path = ManabTests.xctest; sourceTree = BUILT_PRODUCTS_DIR; };
		ECF4170B215B9E4600FA2FF7 /* ManabTests.swift */ = {isa = PBXFileReference; lastKnownFileType = sourcecode.swift; path = ManabTests.swift; sourceTree = "<group>"; };
		ECF4170D215B9E4600FA2FF7 /* Info.plist */ = {isa = PBXFileReference; lastKnownFileType = text.plist.xml; path = Info.plist; sourceTree = "<group>"; };
		ECF41712215B9E4600FA2FF7 /* ManabUITests.xctest */ = {isa = PBXFileReference; explicitFileType = wrapper.cfbundle; includeInIndex = 0; path = ManabUITests.xctest; sourceTree = BUILT_PRODUCTS_DIR; };
		ECF41716215B9E4600FA2FF7 /* ManabUITests.swift */ = {isa = PBXFileReference; lastKnownFileType = sourcecode.swift; path = ManabUITests.swift; sourceTree = "<group>"; };
		ECF41718215B9E4600FA2FF7 /* Info.plist */ = {isa = PBXFileReference; lastKnownFileType = text.plist.xml; path = Info.plist; sourceTree = "<group>"; };
		ECF41724215C2E3C00FA2FF7 /* HomeVC.swift */ = {isa = PBXFileReference; lastKnownFileType = sourcecode.swift; path = HomeVC.swift; sourceTree = "<group>"; };
		ECF41726215C2E4B00FA2FF7 /* UserVC.swift */ = {isa = PBXFileReference; lastKnownFileType = sourcecode.swift; path = UserVC.swift; sourceTree = "<group>"; };
		ECF41728215C2E5800FA2FF7 /* SearchVC.swift */ = {isa = PBXFileReference; lastKnownFileType = sourcecode.swift; path = SearchVC.swift; sourceTree = "<group>"; };
		ECF4172A215C2E6800FA2FF7 /* FavorVC.swift */ = {isa = PBXFileReference; lastKnownFileType = sourcecode.swift; path = FavorVC.swift; sourceTree = "<group>"; };
		ECF41769215E302D00FA2FF7 /* iOSDropDown.swift */ = {isa = PBXFileReference; fileEncoding = 4; lastKnownFileType = sourcecode.swift; path = iOSDropDown.swift; sourceTree = "<group>"; };
		ECF4176B215E42C700FA2FF7 /* Data.swift */ = {isa = PBXFileReference; fileEncoding = 4; lastKnownFileType = sourcecode.swift; path = Data.swift; sourceTree = "<group>"; };
/* End PBXFileReference section */

/* Begin PBXFrameworksBuildPhase section */
		ECF416F0215B9E4600FA2FF7 /* Frameworks */ = {
			isa = PBXFrameworksBuildPhase;
			buildActionMask = 2147483647;
			files = (
			);
			runOnlyForDeploymentPostprocessing = 0;
		};
		ECF41704215B9E4600FA2FF7 /* Frameworks */ = {
			isa = PBXFrameworksBuildPhase;
			buildActionMask = 2147483647;
			files = (
			);
			runOnlyForDeploymentPostprocessing = 0;
		};
		ECF4170F215B9E4600FA2FF7 /* Frameworks */ = {
			isa = PBXFrameworksBuildPhase;
			buildActionMask = 2147483647;
			files = (
			);
			runOnlyForDeploymentPostprocessing = 0;
		};
/* End PBXFrameworksBuildPhase section */

/* Begin PBXGroup section */
		ECF416EA215B9E4600FA2FF7 = {
			isa = PBXGroup;
			children = (
				ECF416F5215B9E4600FA2FF7 /* Manab */,
				ECF4170A215B9E4600FA2FF7 /* ManabTests */,
				ECF41715215B9E4600FA2FF7 /* ManabUITests */,
				ECF416F4215B9E4600FA2FF7 /* Products */,
			);
			sourceTree = "<group>";
		};
		ECF416F4215B9E4600FA2FF7 /* Products */ = {
			isa = PBXGroup;
			children = (
				ECF416F3215B9E4600FA2FF7 /* Manab.app */,
				ECF41707215B9E4600FA2FF7 /* ManabTests.xctest */,
				ECF41712215B9E4600FA2FF7 /* ManabUITests.xctest */,
			);
			name = Products;
			sourceTree = "<group>";
		};
		ECF416F5215B9E4600FA2FF7 /* Manab */ = {
			isa = PBXGroup;
			children = (
				ECF41768215E302D00FA2FF7 /* Lib */,
				ECF416F6215B9E4600FA2FF7 /* AppDelegate.swift */,
				ECF41724215C2E3C00FA2FF7 /* HomeVC.swift */,
				ECF41728215C2E5800FA2FF7 /* SearchVC.swift */,
				ECF4172A215C2E6800FA2FF7 /* FavorVC.swift */,
				ECF41726215C2E4B00FA2FF7 /* UserVC.swift */,
				ECF416FA215B9E4600FA2FF7 /* Main.storyboard */,
				ECF416FD215B9E4600FA2FF7 /* Assets.xcassets */,
				ECF416FF215B9E4600FA2FF7 /* LaunchScreen.storyboard */,
				ECF41702215B9E4600FA2FF7 /* Info.plist */,
			);
			path = Manab;
			sourceTree = "<group>";
		};
		ECF4170A215B9E4600FA2FF7 /* ManabTests */ = {
			isa = PBXGroup;
			children = (
				ECF4170B215B9E4600FA2FF7 /* ManabTests.swift */,
				ECF4170D215B9E4600FA2FF7 /* Info.plist */,
			);
			path = ManabTests;
			sourceTree = "<group>";
		};
		ECF41715215B9E4600FA2FF7 /* ManabUITests */ = {
			isa = PBXGroup;
			children = (
				ECF41716215B9E4600FA2FF7 /* ManabUITests.swift */,
				ECF41718215B9E4600FA2FF7 /* Info.plist */,
			);
			path = ManabUITests;
			sourceTree = "<group>";
		};
		ECF41768215E302D00FA2FF7 /* Lib */ = {
			isa = PBXGroup;
			children = (
				ECF41769215E302D00FA2FF7 /* iOSDropDown.swift */,
				ECF4176B215E42C700FA2FF7 /* Data.swift */,
			);
			path = Lib;
			sourceTree = "<group>";
		};
/* End PBXGroup section */

/* Begin PBXNativeTarget section */
		ECF416F2215B9E4600FA2FF7 /* Manab */ = {
			isa = PBXNativeTarget;
			buildConfigurationList = ECF4171B215B9E4600FA2FF7 /* Build configuration list for PBXNativeTarget "Manab" */;
			buildPhases = (
				ECF416EF215B9E4600FA2FF7 /* Sources */,
				ECF416F0215B9E4600FA2FF7 /* Frameworks */,
				ECF416F1215B9E4600FA2FF7 /* Resources */,
			);
			buildRules = (
			);
			dependencies = (
			);
			name = Manab;
			productName = Manab;
			productReference = ECF416F3215B9E4600FA2FF7 /* Manab.app */;
			productType = "com.apple.product-type.application";
		};
		ECF41706215B9E4600FA2FF7 /* ManabTests */ = {
			isa = PBXNativeTarget;
			buildConfigurationList = ECF4171E215B9E4600FA2FF7 /* Build configuration list for PBXNativeTarget "ManabTests" */;
			buildPhases = (
				ECF41703215B9E4600FA2FF7 /* Sources */,
				ECF41704215B9E4600FA2FF7 /* Frameworks */,
				ECF41705215B9E4600FA2FF7 /* Resources */,
			);
			buildRules = (
			);
			dependencies = (
				ECF41709215B9E4600FA2FF7 /* PBXTargetDependency */,
			);
			name = ManabTests;
			productName = ManabTests;
			productReference = ECF41707215B9E4600FA2FF7 /* ManabTests.xctest */;
			productType = "com.apple.product-type.bundle.unit-test";
		};
		ECF41711215B9E4600FA2FF7 /* ManabUITests */ = {
			isa = PBXNativeTarget;
			buildConfigurationList = ECF41721215B9E4600FA2FF7 /* Build configuration list for PBXNativeTarget "ManabUITests" */;
			buildPhases = (
				ECF4170E215B9E4600FA2FF7 /* Sources */,
				ECF4170F215B9E4600FA2FF7 /* Frameworks */,
				ECF41710215B9E4600FA2FF7 /* Resources */,
			);
			buildRules = (
			);
			dependencies = (
				ECF41714215B9E4600FA2FF7 /* PBXTargetDependency */,
			);
			name = ManabUITests;
			productName = ManabUITests;
			productReference = ECF41712215B9E4600FA2FF7 /* ManabUITests.xctest */;
			productType = "com.apple.product-type.bundle.ui-testing";
		};
/* End PBXNativeTarget section */

/* Begin PBXProject section */
		ECF416EB215B9E4600FA2FF7 /* Project object */ = {
			isa = PBXProject;
			attributes = {
				LastSwiftUpdateCheck = 0910;
				LastUpgradeCheck = 0910;
				ORGANIZATIONNAME = 123;
				TargetAttributes = {
					ECF416F2215B9E4600FA2FF7 = {
						CreatedOnToolsVersion = 9.1;
						ProvisioningStyle = Manual;
					};
					ECF41706215B9E4600FA2FF7 = {
						CreatedOnToolsVersion = 9.1;
						ProvisioningStyle = Automatic;
						TestTargetID = ECF416F2215B9E4600FA2FF7;
					};
					ECF41711215B9E4600FA2FF7 = {
						CreatedOnToolsVersion = 9.1;
						ProvisioningStyle = Automatic;
						TestTargetID = ECF416F2215B9E4600FA2FF7;
					};
				};
			};
			buildConfigurationList = ECF416EE215B9E4600FA2FF7 /* Build configuration list for PBXProject "Manab" */;
			compatibilityVersion = "Xcode 8.0";
			developmentRegion = en;
			hasScannedForEncodings = 0;
			knownRegions = (
				en,
				Base,
			);
			mainGroup = ECF416EA215B9E4600FA2FF7;
			productRefGroup = ECF416F4215B9E4600FA2FF7 /* Products */;
			projectDirPath = "";
			projectRoot = "";
			targets = (
				ECF416F2215B9E4600FA2FF7 /* Manab */,
				ECF41706215B9E4600FA2FF7 /* ManabTests */,
				ECF41711215B9E4600FA2FF7 /* ManabUITests */,
			);
		};
/* End PBXProject section */

/* Begin PBXResourcesBuildPhase section */
		ECF416F1215B9E4600FA2FF7 /* Resources */ = {
			isa = PBXResourcesBuildPhase;
			buildActionMask = 2147483647;
			files = (
				ECF41701215B9E4600FA2FF7 /* LaunchScreen.storyboard in Resources */,
				ECF416FE215B9E4600FA2FF7 /* Assets.xcassets in Resources */,
				ECF416FC215B9E4600FA2FF7 /* Main.storyboard in Resources */,
			);
			runOnlyForDeploymentPostprocessing = 0;
		};
		ECF41705215B9E4600FA2FF7 /* Resources */ = {
			isa = PBXResourcesBuildPhase;
			buildActionMask = 2147483647;
			files = (
			);
			runOnlyForDeploymentPostprocessing = 0;
		};
		ECF41710215B9E4600FA2FF7 /* Resources */ = {
			isa = PBXResourcesBuildPhase;
			buildActionMask = 2147483647;
			files = (
			);
			runOnlyForDeploymentPostprocessing = 0;
		};
/* End PBXResourcesBuildPhase section */

/* Begin PBXSourcesBuildPhase section */
		ECF416EF215B9E4600FA2FF7 /* Sources */ = {
			isa = PBXSourcesBuildPhase;
			buildActionMask = 2147483647;
			files = (
				ECF41725215C2E3C00FA2FF7 /* HomeVC.swift in Sources */,
				ECF4176A215E302D00FA2FF7 /* iOSDropDown.swift in Sources */,
				ECF41729215C2E5800FA2FF7 /* SearchVC.swift in Sources */,
				ECF4172B215C2E6800FA2FF7 /* FavorVC.swift in Sources */,
				ECF416F7215B9E4600FA2FF7 /* AppDelegate.swift in Sources */,
				ECF41727215C2E4B00FA2FF7 /* UserVC.swift in Sources */,
				ECF4176C215E42C700FA2FF7 /* Data.swift in Sources */,
			);
			runOnlyForDeploymentPostprocessing = 0;
		};
		ECF41703215B9E4600FA2FF7 /* Sources */ = {
			isa = PBXSourcesBuildPhase;
			buildActionMask = 2147483647;
			files = (
				ECF4170C215B9E4600FA2FF7 /* ManabTests.swift in Sources */,
			);
			runOnlyForDeploymentPostprocessing = 0;
		};
		ECF4170E215B9E4600FA2FF7 /* Sources */ = {
			isa = PBXSourcesBuildPhase;
			buildActionMask = 2147483647;
			files = (
				ECF41717215B9E4600FA2FF7 /* ManabUITests.swift in Sources */,
			);
			runOnlyForDeploymentPostprocessing = 0;
		};
/* End PBXSourcesBuildPhase section */

/* Begin PBXTargetDependency section */
		ECF41709215B9E4600FA2FF7 /* PBXTargetDependency */ = {
			isa = PBXTargetDependency;
			target = ECF416F2215B9E4600FA2FF7 /* Manab */;
			targetProxy = ECF41708215B9E4600FA2FF7 /* PBXContainerItemProxy */;
		};
		ECF41714215B9E4600FA2FF7 /* PBXTargetDependency */ = {
			isa = PBXTargetDependency;
			target = ECF416F2215B9E4600FA2FF7 /* Manab */;
			targetProxy = ECF41713215B9E4600FA2FF7 /* PBXContainerItemProxy */;
		};
/* End PBXTargetDependency section */

/* Begin PBXVariantGroup section */
		ECF416FA215B9E4600FA2FF7 /* Main.storyboard */ = {
			isa = PBXVariantGroup;
			children = (
				ECF416FB215B9E4600FA2FF7 /* Base */,
			);
			name = Main.storyboard;
			sourceTree = "<group>";
		};
		ECF416FF215B9E4600FA2FF7 /* LaunchScreen.storyboard */ = {
			isa = PBXVariantGroup;
			children = (
				ECF41700215B9E4600FA2FF7 /* Base */,
			);
			name = LaunchScreen.storyboard;
			sourceTree = "<group>";
		};
/* End PBXVariantGroup section */

/* Begin XCBuildConfiguration section */
		ECF41719215B9E4600FA2FF7 /* Debug */ = {
			isa = XCBuildConfiguration;
			buildSettings = {
				ALWAYS_SEARCH_USER_PATHS = NO;
				CLANG_ANALYZER_NONNULL = YES;
				CLANG_ANALYZER_NUMBER_OBJECT_CONVERSION = YES_AGGRESSIVE;
				CLANG_CXX_LANGUAGE_STANDARD = "gnu++14";
				CLANG_CXX_LIBRARY = "libc++";
				CLANG_ENABLE_MODULES = YES;
				CLANG_ENABLE_OBJC_ARC = YES;
				CLANG_WARN_BLOCK_CAPTURE_AUTORELEASING = YES;
				CLANG_WARN_BOOL_CONVERSION = YES;
				CLANG_WARN_COMMA = YES;
				CLANG_WARN_CONSTANT_CONVERSION = YES;
				CLANG_WARN_DIRECT_OBJC_ISA_USAGE = YES_ERROR;
				CLANG_WARN_DOCUMENTATION_COMMENTS = YES;
				CLANG_WARN_EMPTY_BODY = YES;
				CLANG_WARN_ENUM_CONVERSION = YES;
				CLANG_WARN_INFINITE_RECURSION = YES;
				CLANG_WARN_INT_CONVERSION = YES;
				CLANG_WARN_NON_LITERAL_NULL_CONVERSION = YES;
				CLANG_WARN_OBJC_LITERAL_CONVERSION = YES;
				CLANG_WARN_OBJC_ROOT_CLASS = YES_ERROR;
				CLANG_WARN_RANGE_LOOP_ANALYSIS = YES;
				CLANG_WARN_STRICT_PROTOTYPES = YES;
				CLANG_WARN_SUSPICIOUS_MOVE = YES;
				CLANG_WARN_UNGUARDED_AVAILABILITY = YES_AGGRESSIVE;
				CLANG_WARN_UNREACHABLE_CODE = YES;
				CLANG_WARN__DUPLICATE_METHOD_MATCH = YES;
				CODE_SIGN_IDENTITY = "iPhone Developer";
				COPY_PHASE_STRIP = NO;
				DEBUG_INFORMATION_FORMAT = dwarf;
				ENABLE_STRICT_OBJC_MSGSEND = YES;
				ENABLE_TESTABILITY = YES;
				GCC_C_LANGUAGE_STANDARD = gnu11;
				GCC_DYNAMIC_NO_PIC = NO;
				GCC_NO_COMMON_BLOCKS = YES;
				GCC_OPTIMIZATION_LEVEL = 0;
				GCC_PREPROCESSOR_DEFINITIONS = (
					"DEBUG=1",
					"$(inherited)",
				);
				GCC_WARN_64_TO_32_BIT_CONVERSION = YES;
				GCC_WARN_ABOUT_RETURN_TYPE = YES_ERROR;
				GCC_WARN_UNDECLARED_SELECTOR = YES;
				GCC_WARN_UNINITIALIZED_AUTOS = YES_AGGRESSIVE;
				GCC_WARN_UNUSED_FUNCTION = YES;
				GCC_WARN_UNUSED_VARIABLE = YES;
				IPHONEOS_DEPLOYMENT_TARGET = 11.1;
				MTL_ENABLE_DEBUG_INFO = YES;
				ONLY_ACTIVE_ARCH = YES;
				SDKROOT = iphoneos;
				SWIFT_ACTIVE_COMPILATION_CONDITIONS = DEBUG;
				SWIFT_OPTIMIZATION_LEVEL = "-Onone";
			};
			name = Debug;
		};
		ECF4171A215B9E4600FA2FF7 /* Release */ = {
			isa = XCBuildConfiguration;
			buildSettings = {
				ALWAYS_SEARCH_USER_PATHS = NO;
				CLANG_ANALYZER_NONNULL = YES;
				CLANG_ANALYZER_NUMBER_OBJECT_CONVERSION = YES_AGGRESSIVE;
				CLANG_CXX_LANGUAGE_STANDARD = "gnu++14";
				CLANG_CXX_LIBRARY = "libc++";
				CLANG_ENABLE_MODULES = YES;
				CLANG_ENABLE_OBJC_ARC = YES;
				CLANG_WARN_BLOCK_CAPTURE_AUTORELEASING = YES;
				CLANG_WARN_BOOL_CONVERSION = YES;
				CLANG_WARN_COMMA = YES;
				CLANG_WARN_CONSTANT_CONVERSION = YES;
				CLANG_WARN_DIRECT_OBJC_ISA_USAGE = YES_ERROR;
				CLANG_WARN_DOCUMENTATION_COMMENTS = YES;
				CLANG_WARN_EMPTY_BODY = YES;
				CLANG_WARN_ENUM_CONVERSION = YES;
				CLANG_WARN_INFINITE_RECURSION = YES;
				CLANG_WARN_INT_CONVERSION = YES;
				CLANG_WARN_NON_LITERAL_NULL_CONVERSION = YES;
				CLANG_WARN_OBJC_LITERAL_CONVERSION = YES;
				CLANG_WARN_OBJC_ROOT_CLASS = YES_ERROR;
				CLANG_WARN_RANGE_LOOP_ANALYSIS = YES;
				CLANG_WARN_STRICT_PROTOTYPES = YES;
				CLANG_WARN_SUSPICIOUS_MOVE = YES;
				CLANG_WARN_UNGUARDED_AVAILABILITY = YES_AGGRESSIVE;
				CLANG_WARN_UNREACHABLE_CODE = YES;
				CLANG_WARN__DUPLICATE_METHOD_MATCH = YES;
				CODE_SIGN_IDENTITY = "iPhone Developer";
				COPY_PHASE_STRIP = NO;
				DEBUG_INFORMATION_FORMAT = "dwarf-with-dsym";
				ENABLE_NS_ASSERTIONS = NO;
				ENABLE_STRICT_OBJC_MSGSEND = YES;
				GCC_C_LANGUAGE_STANDARD = gnu11;
				GCC_NO_COMMON_BLOCKS = YES;
				GCC_WARN_64_TO_32_BIT_CONVERSION = YES;
				GCC_WARN_ABOUT_RETURN_TYPE = YES_ERROR;
				GCC_WARN_UNDECLARED_SELECTOR = YES;
				GCC_WARN_UNINITIALIZED_AUTOS = YES_AGGRESSIVE;
				GCC_WARN_UNUSED_FUNCTION = YES;
				GCC_WARN_UNUSED_VARIABLE = YES;
				IPHONEOS_DEPLOYMENT_TARGET = 11.1;
				MTL_ENABLE_DEBUG_INFO = NO;
				SDKROOT = iphoneos;
				SWIFT_OPTIMIZATION_LEVEL = "-Owholemodule";
				VALIDATE_PRODUCT = YES;
			};
			name = Release;
		};
		ECF4171C215B9E4600FA2FF7 /* Debug */ = {
			isa = XCBuildConfiguration;
			buildSettings = {
				ASSETCATALOG_COMPILER_APPICON_NAME = AppIcon;
				CODE_SIGN_STYLE = Manual;
				DEVELOPMENT_TEAM = "";
				INFOPLIST_FILE = Manab/Info.plist;
				LD_RUNPATH_SEARCH_PATHS = "$(inherited) @executable_path/Frameworks";
				PRODUCT_BUNDLE_IDENTIFIER = com.manab.Manab;
				PRODUCT_NAME = "$(TARGET_NAME)";
				PROVISIONING_PROFILE_SPECIFIER = "";
				SWIFT_VERSION = 4.0;
				TARGETED_DEVICE_FAMILY = "1,2";
			};
			name = Debug;
		};
		ECF4171D215B9E4600FA2FF7 /* Release */ = {
			isa = XCBuildConfiguration;
			buildSettings = {
				ASSETCATALOG_COMPILER_APPICON_NAME = AppIcon;
				CODE_SIGN_STYLE = Manual;
				DEVELOPMENT_TEAM = "";
				INFOPLIST_FILE = Manab/Info.plist;
				LD_RUNPATH_SEARCH_PATHS = "$(inherited) @executable_path/Frameworks";
				PRODUCT_BUNDLE_IDENTIFIER = com.manab.Manab;
				PRODUCT_NAME = "$(TARGET_NAME)";
				PROVISIONING_PROFILE_SPECIFIER = "";
				SWIFT_VERSION = 4.0;
				TARGETED_DEVICE_FAMILY = "1,2";
			};
			name = Release;
		};
		ECF4171F215B9E4600FA2FF7 /* Debug */ = {
			isa = XCBuildConfiguration;
			buildSettings = {
				ALWAYS_EMBED_SWIFT_STANDARD_LIBRARIES = YES;
				BUNDLE_LOADER = "$(TEST_HOST)";
				CODE_SIGN_STYLE = Automatic;
				INFOPLIST_FILE = ManabTests/Info.plist;
				LD_RUNPATH_SEARCH_PATHS = "$(inherited) @executable_path/Frameworks @loader_path/Frameworks";
				PRODUCT_BUNDLE_IDENTIFIER = com.manab.ManabTests;
				PRODUCT_NAME = "$(TARGET_NAME)";
				SWIFT_VERSION = 4.0;
				TARGETED_DEVICE_FAMILY = "1,2";
				TEST_HOST = "$(BUILT_PRODUCTS_DIR)/Manab.app/Manab";
			};
			name = Debug;
		};
		ECF41720215B9E4600FA2FF7 /* Release */ = {
			isa = XCBuildConfiguration;
			buildSettings = {
				ALWAYS_EMBED_SWIFT_STANDARD_LIBRARIES = YES;
				BUNDLE_LOADER = "$(TEST_HOST)";
				CODE_SIGN_STYLE = Automatic;
				INFOPLIST_FILE = ManabTests/Info.plist;
				LD_RUNPATH_SEARCH_PATHS = "$(inherited) @executable_path/Frameworks @loader_path/Frameworks";
				PRODUCT_BUNDLE_IDENTIFIER = com.manab.ManabTests;
				PRODUCT_NAME = "$(TARGET_NAME)";
				SWIFT_VERSION = 4.0;
				TARGETED_DEVICE_FAMILY = "1,2";
				TEST_HOST = "$(BUILT_PRODUCTS_DIR)/Manab.app/Manab";
			};
			name = Release;
		};
		ECF41722215B9E4600FA2FF7 /* Debug */ = {
			isa = XCBuildConfiguration;
			buildSettings = {
				ALWAYS_EMBED_SWIFT_STANDARD_LIBRARIES = YES;
				CODE_SIGN_STYLE = Automatic;
				INFOPLIST_FILE = ManabUITests/Info.plist;
				LD_RUNPATH_SEARCH_PATHS = "$(inherited) @executable_path/Frameworks @loader_path/Frameworks";
				PRODUCT_BUNDLE_IDENTIFIER = com.manab.ManabUITests;
				PRODUCT_NAME = "$(TARGET_NAME)";
				SWIFT_VERSION = 4.0;
				TARGETED_DEVICE_FAMILY = "1,2";
				TEST_TARGET_NAME = Manab;
			};
			name = Debug;
		};
		ECF41723215B9E4600FA2FF7 /* Release */ = {
			isa = XCBuildConfiguration;
			buildSettings = {
				ALWAYS_EMBED_SWIFT_STANDARD_LIBRARIES = YES;
				CODE_SIGN_STYLE = Automatic;
				INFOPLIST_FILE = ManabUITests/Info.plist;
				LD_RUNPATH_SEARCH_PATHS = "$(inherited) @executable_path/Frameworks @loader_path/Frameworks";
				PRODUCT_BUNDLE_IDENTIFIER = com.manab.ManabUITests;
				PRODUCT_NAME = "$(TARGET_NAME)";
				SWIFT_VERSION = 4.0;
				TARGETED_DEVICE_FAMILY = "1,2";
				TEST_TARGET_NAME = Manab;
			};
			name = Release;
		};
/* End XCBuildConfiguration section */

/* Begin XCConfigurationList section */
		ECF416EE215B9E4600FA2FF7 /* Build configuration list for PBXProject "Manab" */ = {
			isa = XCConfigurationList;
			buildConfigurations = (
				ECF41719215B9E4600FA2FF7 /* Debug */,
				ECF4171A215B9E4600FA2FF7 /* Release */,
			);
			defaultConfigurationIsVisible = 0;
			defaultConfigurationName = Release;
		};
		ECF4171B215B9E4600FA2FF7 /* Build configuration list for PBXNativeTarget "Manab" */ = {
			isa = XCConfigurationList;
			buildConfigurations = (
				ECF4171C215B9E4600FA2FF7 /* Debug */,
				ECF4171D215B9E4600FA2FF7 /* Release */,
			);
			defaultConfigurationIsVisible = 0;
			defaultConfigurationName = Release;
		};
		ECF4171E215B9E4600FA2FF7 /* Build configuration list for PBXNativeTarget "ManabTests" */ = {
			isa = XCConfigurationList;
			buildConfigurations = (
				ECF4171F215B9E4600FA2FF7 /* Debug */,
				ECF41720215B9E4600FA2FF7 /* Release */,
			);
			defaultConfigurationIsVisible = 0;
			defaultConfigurationName = Release;
		};
		ECF41721215B9E4600FA2FF7 /* Build configuration list for PBXNativeTarget "ManabUITests" */ = {
			isa = XCConfigurationList;
			buildConfigurations = (
				ECF41722215B9E4600FA2FF7 /* Debug */,
				ECF41723215B9E4600FA2FF7 /* Release */,
			);
			defaultConfigurationIsVisible = 0;
			defaultConfigurationName = Release;
		};
/* End XCConfigurationList section */
	};
	rootObject = ECF416EB215B9E4600FA2FF7 /* Project object */;
}
